PODS:
  - Kingfisher (4.10.1)
  - SnapKit (4.0.1)

DEPENDENCIES:
  - Kingfisher (~> 4.0)
  - SnapKit (~> 4.0.0)

SPEC REPOS:
  https://github.com/CocoaPods/Specs.git:
    - Kingfisher
    - SnapKit

SPEC CHECKSUMS:
  Kingfisher: c148cd7b47ebde9989f6bc7c27dcaa79d81279a0
  SnapKit: 0de968a9fec17499afa29683b05d0c775b6d1c29

PODFILE CHECKSUM: 411063fb4da5b4bef0a17a6918f7f8acac66da0f

COCOAPODS: 1.8.1
