PODS:
  - Kingfisher (6.3.1)
  - SnapKit (4.0.1)
  - YQPhotoBrowser (0.5.0):
    - Kingfisher (~> 6.0)
    - SnapKit

DEPENDENCIES:
  - YQPhotoBrowser (from `../`)

SPEC REPOS:
  https://github.com/CocoaPods/Specs.git:
    - SnapKit
  trunk:
    - Kingfisher

EXTERNAL SOURCES:
  YQPhotoBrowser:
    :path: "../"

SPEC CHECKSUMS:
  Kingfisher: 016c8b653a35add51dd34a3aba36b580041acc74
  SnapKit: 0de968a9fec17499afa29683b05d0c775b6d1c29
  YQPhotoBrowser: e568df8c3899829e1b8dad40a4f479cffca09801

PODFILE CHECKSUM: 24f6ab56e86c549f7e6342b423b0e7ea449ae169

COCOAPODS: 1.12.1
