PODS:
  - SnapKit (4.0.1)
  - YQKingfisher (6.3.1.1)
  - YQPhotoBrowser (0.4.0):
    - SnapKit
    - YQKingfisher

DEPENDENCIES:
  - YQPhotoBrowser (from `../`)

SPEC REPOS:
  https://github.com/CocoaPods/Specs.git:
    - SnapKit
  trunk:
    - YQKingfisher

EXTERNAL SOURCES:
  YQPhotoBrowser:
    :path: "../"

SPEC CHECKSUMS:
  SnapKit: 0de968a9fec17499afa29683b05d0c775b6d1c29
  YQKingfisher: cdf3a15028fbb84bf162f5304ec79bd4d3e5d061
  YQPhotoBrowser: 6bdfee44a426cd455ca8dbb3864c124b7a841a0d

PODFILE CHECKSUM: b8d73bf30e2b809e4b6fee63e49c687746a9265d

COCOAPODS: 1.11.2
