PODS:
  - Kingfisher (5.15.7):
    - Kingfisher/Core (= 5.15.7)
  - Kingfisher/Core (5.15.7)
  - SnapKit (4.0.1)
  - YQPhotoBrowser (0.2.4):
    - Kingfisher
    - SnapKit

DEPENDENCIES:
  - YQPhotoBrowser (from `../`)

SPEC REPOS:
  https://github.com/CocoaPods/Specs.git:
    - SnapKit
  trunk:
    - Kingfisher

EXTERNAL SOURCES:
  YQPhotoBrowser:
    :path: "../"

SPEC CHECKSUMS:
  Kingfisher: 6e1a13523fcb1c86924ce53affe4ac957e544d59
  SnapKit: 0de968a9fec17499afa29683b05d0c775b6d1c29
  YQPhotoBrowser: 7f9a639c21bdefce678bdee78a20cf9e50b0d6ce

PODFILE CHECKSUM: b8d73bf30e2b809e4b6fee63e49c687746a9265d

COCOAPODS: 1.10.0
